
Microsoft Visual Studio Solution File, Format Version 12.00
# Visual Studio 15
VisualStudioVersion = 15.0.26730.10
MinimumVisualStudioVersion = 10.0.40219.1

Project("{6EC3EE1D-3C4E-46DD-8F32-0CC8E7565705}") = "NotesApp", "NotesApp\NotesApp.fsproj", "{F188E6FD-892B-4131-A1B4-07EE9E17E12F}"
EndProject

Project("{F2A71F9B-5D33-465A-A702-920D77279786}") = "NotesApp.Android", "NotesApp.Android\NotesApp.Android.fsproj", "{5D9D8860-BD1F-4E5F-A690-4D4F6F320C0F}"
EndProject


Project("{F2A71F9B-5D33-465A-A702-920D77279786}") = "NotesApp.iOS", "NotesApp.iOS\NotesApp.iOS.fsproj", "{DE806479-18F3-47A6-B582-30B8A8E3003B}"
EndProject




Global
	GlobalSection(SolutionConfigurationPlatforms) = preSolution
		Ad-Hoc|Any CPU = Ad-Hoc|Any CPU
		Ad-Hoc|ARM = Ad-Hoc|ARM
		Ad-Hoc|iPhone = Ad-Hoc|iPhone
		Ad-Hoc|iPhoneSimulator = Ad-Hoc|iPhoneSimulator
		Ad-Hoc|x64 = Ad-Hoc|x64
		Ad-Hoc|x86 = Ad-Hoc|x86
		AppStore|Any CPU = AppStore|Any CPU
		AppStore|ARM = AppStore|ARM
		AppStore|iPhone = AppStore|iPhone
		AppStore|iPhoneSimulator = AppStore|iPhoneSimulator
		AppStore|x64 = AppStore|x64
		AppStore|x86 = AppStore|x86
		Debug|Any CPU = Debug|Any CPU
		Debug|ARM = Debug|ARM
		Debug|iPhone = Debug|iPhone
		Debug|iPhoneSimulator = Debug|iPhoneSimulator
		Debug|x64 = Debug|x64
		Debug|x86 = Debug|x86
		Release|Any CPU = Release|Any CPU
		Release|ARM = Release|ARM
		Release|iPhone = Release|iPhone
		Release|iPhoneSimulator = Release|iPhoneSimulator
		Release|x64 = Release|x64
		Release|x86 = Release|x86
	EndGlobalSection
	GlobalSection(ProjectConfigurationPlatforms) = postSolution
		{F188E6FD-892B-4131-A1B4-07EE9E17E12F}.Ad-Hoc|Any CPU.ActiveCfg = Debug|Any CPU
		{F188E6FD-892B-4131-A1B4-07EE9E17E12F}.Ad-Hoc|Any CPU.Build.0 = Debug|Any CPU
		{F188E6FD-892B-4131-A1B4-07EE9E17E12F}.Ad-Hoc|ARM.ActiveCfg = Debug|Any CPU
		{F188E6FD-892B-4131-A1B4-07EE9E17E12F}.Ad-Hoc|ARM.Build.0 = Debug|Any CPU
		{F188E6FD-892B-4131-A1B4-07EE9E17E12F}.Ad-Hoc|iPhone.ActiveCfg = Debug|Any CPU
		{F188E6FD-892B-4131-A1B4-07EE9E17E12F}.Ad-Hoc|iPhone.Build.0 = Debug|Any CPU
		{F188E6FD-892B-4131-A1B4-07EE9E17E12F}.Ad-Hoc|iPhoneSimulator.ActiveCfg = Debug|Any CPU
		{F188E6FD-892B-4131-A1B4-07EE9E17E12F}.Ad-Hoc|iPhoneSimulator.Build.0 = Debug|Any CPU
		{F188E6FD-892B-4131-A1B4-07EE9E17E12F}.Ad-Hoc|x64.ActiveCfg = Debug|Any CPU
		{F188E6FD-892B-4131-A1B4-07EE9E17E12F}.Ad-Hoc|x64.Build.0 = Debug|Any CPU
		{F188E6FD-892B-4131-A1B4-07EE9E17E12F}.Ad-Hoc|x86.ActiveCfg = Debug|Any CPU
		{F188E6FD-892B-4131-A1B4-07EE9E17E12F}.Ad-Hoc|x86.Build.0 = Debug|Any CPU
		{F188E6FD-892B-4131-A1B4-07EE9E17E12F}.AppStore|Any CPU.ActiveCfg = Debug|Any CPU
		{F188E6FD-892B-4131-A1B4-07EE9E17E12F}.AppStore|Any CPU.Build.0 = Debug|Any CPU
		{F188E6FD-892B-4131-A1B4-07EE9E17E12F}.AppStore|ARM.ActiveCfg = Debug|Any CPU
		{F188E6FD-892B-4131-A1B4-07EE9E17E12F}.AppStore|ARM.Build.0 = Debug|Any CPU
		{F188E6FD-892B-4131-A1B4-07EE9E17E12F}.AppStore|iPhone.ActiveCfg = Debug|Any CPU
		{F188E6FD-892B-4131-A1B4-07EE9E17E12F}.AppStore|iPhone.Build.0 = Debug|Any CPU
		{F188E6FD-892B-4131-A1B4-07EE9E17E12F}.AppStore|iPhoneSimulator.ActiveCfg = Debug|Any CPU
		{F188E6FD-892B-4131-A1B4-07EE9E17E12F}.AppStore|iPhoneSimulator.Build.0 = Debug|Any CPU
		{F188E6FD-892B-4131-A1B4-07EE9E17E12F}.AppStore|x64.ActiveCfg = Debug|Any CPU
		{F188E6FD-892B-4131-A1B4-07EE9E17E12F}.AppStore|x64.Build.0 = Debug|Any CPU
		{F188E6FD-892B-4131-A1B4-07EE9E17E12F}.AppStore|x86.ActiveCfg = Debug|Any CPU
		{F188E6FD-892B-4131-A1B4-07EE9E17E12F}.AppStore|x86.Build.0 = Debug|Any CPU
		{F188E6FD-892B-4131-A1B4-07EE9E17E12F}.Debug|Any CPU.ActiveCfg = Debug|Any CPU
		{F188E6FD-892B-4131-A1B4-07EE9E17E12F}.Debug|Any CPU.Build.0 = Debug|Any CPU
		{F188E6FD-892B-4131-A1B4-07EE9E17E12F}.Debug|ARM.ActiveCfg = Debug|Any CPU
		{F188E6FD-892B-4131-A1B4-07EE9E17E12F}.Debug|ARM.Build.0 = Debug|Any CPU
		{F188E6FD-892B-4131-A1B4-07EE9E17E12F}.Debug|iPhone.ActiveCfg = Debug|Any CPU
		{F188E6FD-892B-4131-A1B4-07EE9E17E12F}.Debug|iPhone.Build.0 = Debug|Any CPU
		{F188E6FD-892B-4131-A1B4-07EE9E17E12F}.Debug|iPhoneSimulator.ActiveCfg = Debug|Any CPU
		{F188E6FD-892B-4131-A1B4-07EE9E17E12F}.Debug|iPhoneSimulator.Build.0 = Debug|Any CPU
		{F188E6FD-892B-4131-A1B4-07EE9E17E12F}.Debug|x64.ActiveCfg = Debug|Any CPU
		{F188E6FD-892B-4131-A1B4-07EE9E17E12F}.Debug|x64.Build.0 = Debug|Any CPU
		{F188E6FD-892B-4131-A1B4-07EE9E17E12F}.Debug|x86.ActiveCfg = Debug|Any CPU
		{F188E6FD-892B-4131-A1B4-07EE9E17E12F}.Debug|x86.Build.0 = Debug|Any CPU
		{F188E6FD-892B-4131-A1B4-07EE9E17E12F}.Release|Any CPU.ActiveCfg = Release|Any CPU
		{F188E6FD-892B-4131-A1B4-07EE9E17E12F}.Release|Any CPU.Build.0 = Release|Any CPU
		{F188E6FD-892B-4131-A1B4-07EE9E17E12F}.Release|ARM.ActiveCfg = Release|Any CPU
		{F188E6FD-892B-4131-A1B4-07EE9E17E12F}.Release|ARM.Build.0 = Release|Any CPU
		{F188E6FD-892B-4131-A1B4-07EE9E17E12F}.Release|iPhone.ActiveCfg = Release|Any CPU
		{F188E6FD-892B-4131-A1B4-07EE9E17E12F}.Release|iPhone.Build.0 = Release|Any CPU
		{F188E6FD-892B-4131-A1B4-07EE9E17E12F}.Release|iPhoneSimulator.ActiveCfg = Release|Any CPU
		{F188E6FD-892B-4131-A1B4-07EE9E17E12F}.Release|iPhoneSimulator.Build.0 = Release|Any CPU
		{F188E6FD-892B-4131-A1B4-07EE9E17E12F}.Release|x64.ActiveCfg = Release|Any CPU
		{F188E6FD-892B-4131-A1B4-07EE9E17E12F}.Release|x64.Build.0 = Release|Any CPU
		{F188E6FD-892B-4131-A1B4-07EE9E17E12F}.Release|x86.ActiveCfg = Release|Any CPU
		{F188E6FD-892B-4131-A1B4-07EE9E17E12F}.Release|x86.Build.0 = Release|Any CPU
		{DE806479-18F3-47A6-B582-30B8A8E3003B}.Ad-Hoc|Any CPU.ActiveCfg = Ad-Hoc|iPhone
		{DE806479-18F3-47A6-B582-30B8A8E3003B}.Ad-Hoc|ARM.ActiveCfg = Ad-Hoc|iPhone
		{DE806479-18F3-47A6-B582-30B8A8E3003B}.Ad-Hoc|iPhone.ActiveCfg = Ad-Hoc|iPhone
		{DE806479-18F3-47A6-B582-30B8A8E3003B}.Ad-Hoc|iPhone.Build.0 = Ad-Hoc|iPhone
		{DE806479-18F3-47A6-B582-30B8A8E3003B}.Ad-Hoc|iPhoneSimulator.ActiveCfg = Ad-Hoc|iPhoneSimulator
		{DE806479-18F3-47A6-B582-30B8A8E3003B}.Ad-Hoc|iPhoneSimulator.Build.0 = Ad-Hoc|iPhoneSimulator
		{DE806479-18F3-47A6-B582-30B8A8E3003B}.Ad-Hoc|x64.ActiveCfg = Ad-Hoc|iPhone
		{DE806479-18F3-47A6-B582-30B8A8E3003B}.Ad-Hoc|x86.ActiveCfg = Ad-Hoc|iPhone
		{DE806479-18F3-47A6-B582-30B8A8E3003B}.AppStore|Any CPU.ActiveCfg = AppStore|iPhone
		{DE806479-18F3-47A6-B582-30B8A8E3003B}.AppStore|ARM.ActiveCfg = AppStore|iPhone
		{DE806479-18F3-47A6-B582-30B8A8E3003B}.AppStore|iPhone.ActiveCfg = AppStore|iPhone
		{DE806479-18F3-47A6-B582-30B8A8E3003B}.AppStore|iPhone.Build.0 = AppStore|iPhone
		{DE806479-18F3-47A6-B582-30B8A8E3003B}.AppStore|iPhoneSimulator.ActiveCfg = AppStore|iPhoneSimulator
		{DE806479-18F3-47A6-B582-30B8A8E3003B}.AppStore|iPhoneSimulator.Build.0 = AppStore|iPhoneSimulator
		{DE806479-18F3-47A6-B582-30B8A8E3003B}.AppStore|x64.ActiveCfg = AppStore|iPhone
		{DE806479-18F3-47A6-B582-30B8A8E3003B}.AppStore|x86.ActiveCfg = AppStore|iPhone
		{DE806479-18F3-47A6-B582-30B8A8E3003B}.Debug|Any CPU.ActiveCfg = Debug|iPhone
		{DE806479-18F3-47A6-B582-30B8A8E3003B}.Debug|ARM.ActiveCfg = Debug|iPhone
		{DE806479-18F3-47A6-B582-30B8A8E3003B}.Debug|iPhone.ActiveCfg = Debug|iPhone
		{DE806479-18F3-47A6-B582-30B8A8E3003B}.Debug|iPhone.Build.0 = Debug|iPhone
		{DE806479-18F3-47A6-B582-30B8A8E3003B}.Debug|iPhoneSimulator.ActiveCfg = Debug|iPhoneSimulator
		{DE806479-18F3-47A6-B582-30B8A8E3003B}.Debug|iPhoneSimulator.Build.0 = Debug|iPhoneSimulator
		{DE806479-18F3-47A6-B582-30B8A8E3003B}.Debug|x64.ActiveCfg = Debug|iPhone
		{DE806479-18F3-47A6-B582-30B8A8E3003B}.Debug|x86.ActiveCfg = Debug|iPhone
		{DE806479-18F3-47A6-B582-30B8A8E3003B}.Release|Any CPU.ActiveCfg = Release|iPhone
		{DE806479-18F3-47A6-B582-30B8A8E3003B}.Release|ARM.ActiveCfg = Release|iPhone
		{DE806479-18F3-47A6-B582-30B8A8E3003B}.Release|iPhone.ActiveCfg = Release|iPhone
		{DE806479-18F3-47A6-B582-30B8A8E3003B}.Release|iPhone.Build.0 = Release|iPhone
		{DE806479-18F3-47A6-B582-30B8A8E3003B}.Release|iPhoneSimulator.ActiveCfg = Release|iPhoneSimulator
		{DE806479-18F3-47A6-B582-30B8A8E3003B}.Release|iPhoneSimulator.Build.0 = Release|iPhoneSimulator
		{DE806479-18F3-47A6-B582-30B8A8E3003B}.Release|x64.ActiveCfg = Release|iPhone
		{DE806479-18F3-47A6-B582-30B8A8E3003B}.Release|x86.ActiveCfg = Release|iPhone
		{3EF28996-889C-4166-AC5B-FAB65C13B160}.Ad-Hoc|Any CPU.ActiveCfg = Release|x86
		{3EF28996-889C-4166-AC5B-FAB65C13B160}.Ad-Hoc|Any CPU.Build.0 = Release|x86
		{3EF28996-889C-4166-AC5B-FAB65C13B160}.Ad-Hoc|Any CPU.Deploy.0 = Release|x86
		{3EF28996-889C-4166-AC5B-FAB65C13B160}.Ad-Hoc|ARM.ActiveCfg = Release|ARM
		{3EF28996-889C-4166-AC5B-FAB65C13B160}.Ad-Hoc|ARM.Build.0 = Release|ARM
		{3EF28996-889C-4166-AC5B-FAB65C13B160}.Ad-Hoc|ARM.Deploy.0 = Release|ARM
		{3EF28996-889C-4166-AC5B-FAB65C13B160}.Ad-Hoc|iPhone.ActiveCfg = Release|x86
		{3EF28996-889C-4166-AC5B-FAB65C13B160}.Ad-Hoc|iPhone.Build.0 = Release|x86
		{3EF28996-889C-4166-AC5B-FAB65C13B160}.Ad-Hoc|iPhone.Deploy.0 = Release|x86
		{3EF28996-889C-4166-AC5B-FAB65C13B160}.Ad-Hoc|iPhoneSimulator.ActiveCfg = Release|x86
		{3EF28996-889C-4166-AC5B-FAB65C13B160}.Ad-Hoc|iPhoneSimulator.Build.0 = Release|x86
		{3EF28996-889C-4166-AC5B-FAB65C13B160}.Ad-Hoc|iPhoneSimulator.Deploy.0 = Release|x86
		{3EF28996-889C-4166-AC5B-FAB65C13B160}.Ad-Hoc|x64.ActiveCfg = Release|x64
		{3EF28996-889C-4166-AC5B-FAB65C13B160}.Ad-Hoc|x64.Build.0 = Release|x64
		{3EF28996-889C-4166-AC5B-FAB65C13B160}.Ad-Hoc|x64.Deploy.0 = Release|x64
		{3EF28996-889C-4166-AC5B-FAB65C13B160}.Ad-Hoc|x86.ActiveCfg = Release|x86
		{3EF28996-889C-4166-AC5B-FAB65C13B160}.Ad-Hoc|x86.Build.0 = Release|x86
		{3EF28996-889C-4166-AC5B-FAB65C13B160}.Ad-Hoc|x86.Deploy.0 = Release|x86
		{3EF28996-889C-4166-AC5B-FAB65C13B160}.AppStore|Any CPU.ActiveCfg = Release|x86
		{3EF28996-889C-4166-AC5B-FAB65C13B160}.AppStore|Any CPU.Build.0 = Release|x86
		{3EF28996-889C-4166-AC5B-FAB65C13B160}.AppStore|Any CPU.Deploy.0 = Release|x86
		{3EF28996-889C-4166-AC5B-FAB65C13B160}.AppStore|ARM.ActiveCfg = Release|ARM
		{3EF28996-889C-4166-AC5B-FAB65C13B160}.AppStore|ARM.Build.0 = Release|ARM
		{3EF28996-889C-4166-AC5B-FAB65C13B160}.AppStore|ARM.Deploy.0 = Release|ARM
		{3EF28996-889C-4166-AC5B-FAB65C13B160}.AppStore|iPhone.ActiveCfg = Release|x86
		{3EF28996-889C-4166-AC5B-FAB65C13B160}.AppStore|iPhone.Build.0 = Release|x86
		{3EF28996-889C-4166-AC5B-FAB65C13B160}.AppStore|iPhone.Deploy.0 = Release|x86
		{3EF28996-889C-4166-AC5B-FAB65C13B160}.AppStore|iPhoneSimulator.ActiveCfg = Release|x86
		{3EF28996-889C-4166-AC5B-FAB65C13B160}.AppStore|iPhoneSimulator.Build.0 = Release|x86
		{3EF28996-889C-4166-AC5B-FAB65C13B160}.AppStore|iPhoneSimulator.Deploy.0 = Release|x86
		{3EF28996-889C-4166-AC5B-FAB65C13B160}.AppStore|x64.ActiveCfg = Release|x64
		{3EF28996-889C-4166-AC5B-FAB65C13B160}.AppStore|x64.Build.0 = Release|x64
		{3EF28996-889C-4166-AC5B-FAB65C13B160}.AppStore|x64.Deploy.0 = Release|x64
		{3EF28996-889C-4166-AC5B-FAB65C13B160}.AppStore|x86.ActiveCfg = Release|x86
		{3EF28996-889C-4166-AC5B-FAB65C13B160}.AppStore|x86.Build.0 = Release|x86
		{3EF28996-889C-4166-AC5B-FAB65C13B160}.AppStore|x86.Deploy.0 = Release|x86
		{3EF28996-889C-4166-AC5B-FAB65C13B160}.Debug|Any CPU.ActiveCfg = Debug|x86
		{3EF28996-889C-4166-AC5B-FAB65C13B160}.Debug|ARM.ActiveCfg = Debug|ARM
		{3EF28996-889C-4166-AC5B-FAB65C13B160}.Debug|ARM.Build.0 = Debug|ARM
		{3EF28996-889C-4166-AC5B-FAB65C13B160}.Debug|ARM.Deploy.0 = Debug|ARM
		{3EF28996-889C-4166-AC5B-FAB65C13B160}.Debug|iPhone.ActiveCfg = Debug|x86
		{3EF28996-889C-4166-AC5B-FAB65C13B160}.Debug|iPhoneSimulator.ActiveCfg = Debug|x86
		{3EF28996-889C-4166-AC5B-FAB65C13B160}.Debug|x64.ActiveCfg = Debug|x64
		{3EF28996-889C-4166-AC5B-FAB65C13B160}.Debug|x64.Build.0 = Debug|x64
		{3EF28996-889C-4166-AC5B-FAB65C13B160}.Debug|x64.Deploy.0 = Debug|x64
		{3EF28996-889C-4166-AC5B-FAB65C13B160}.Debug|x86.ActiveCfg = Debug|x86
		{3EF28996-889C-4166-AC5B-FAB65C13B160}.Debug|x86.Build.0 = Debug|x86
		{3EF28996-889C-4166-AC5B-FAB65C13B160}.Debug|x86.Deploy.0 = Debug|x86
		{3EF28996-889C-4166-AC5B-FAB65C13B160}.Release|Any CPU.ActiveCfg = Release|x86
		{3EF28996-889C-4166-AC5B-FAB65C13B160}.Release|ARM.ActiveCfg = Release|ARM
		{3EF28996-889C-4166-AC5B-FAB65C13B160}.Release|ARM.Build.0 = Release|ARM
		{3EF28996-889C-4166-AC5B-FAB65C13B160}.Release|ARM.Deploy.0 = Release|ARM
		{3EF28996-889C-4166-AC5B-FAB65C13B160}.Release|iPhone.ActiveCfg = Release|x86
		{3EF28996-889C-4166-AC5B-FAB65C13B160}.Release|iPhoneSimulator.ActiveCfg = Release|x86
		{3EF28996-889C-4166-AC5B-FAB65C13B160}.Release|x64.ActiveCfg = Release|x64
		{3EF28996-889C-4166-AC5B-FAB65C13B160}.Release|x64.Build.0 = Release|x64
		{3EF28996-889C-4166-AC5B-FAB65C13B160}.Release|x64.Deploy.0 = Release|x64
		{3EF28996-889C-4166-AC5B-FAB65C13B160}.Release|x86.ActiveCfg = Release|x86
		{3EF28996-889C-4166-AC5B-FAB65C13B160}.Release|x86.Build.0 = Release|x86
		{3EF28996-889C-4166-AC5B-FAB65C13B160}.Release|x86.Deploy.0 = Release|x86
		{7FCB043F-2811-4F37-BBC3-F0C56FEFCD6A}.Ad-Hoc|Any CPU.ActiveCfg = Release|Any CPU
		{7FCB043F-2811-4F37-BBC3-F0C56FEFCD6A}.Ad-Hoc|Any CPU.Build.0 = Release|Any CPU
		{7FCB043F-2811-4F37-BBC3-F0C56FEFCD6A}.Ad-Hoc|ARM.ActiveCfg = Release|Any CPU
		{7FCB043F-2811-4F37-BBC3-F0C56FEFCD6A}.Ad-Hoc|ARM.Build.0 = Release|Any CPU
		{7FCB043F-2811-4F37-BBC3-F0C56FEFCD6A}.Ad-Hoc|iPhone.ActiveCfg = Release|Any CPU
		{7FCB043F-2811-4F37-BBC3-F0C56FEFCD6A}.Ad-Hoc|iPhone.Build.0 = Release|Any CPU
		{7FCB043F-2811-4F37-BBC3-F0C56FEFCD6A}.Ad-Hoc|iPhoneSimulator.ActiveCfg = Release|Any CPU
		{7FCB043F-2811-4F37-BBC3-F0C56FEFCD6A}.Ad-Hoc|iPhoneSimulator.Build.0 = Release|Any CPU
		{7FCB043F-2811-4F37-BBC3-F0C56FEFCD6A}.Ad-Hoc|x64.ActiveCfg = Release|Any CPU
		{7FCB043F-2811-4F37-BBC3-F0C56FEFCD6A}.Ad-Hoc|x64.Build.0 = Release|Any CPU
		{7FCB043F-2811-4F37-BBC3-F0C56FEFCD6A}.Ad-Hoc|x86.ActiveCfg = Release|Any CPU
		{7FCB043F-2811-4F37-BBC3-F0C56FEFCD6A}.Ad-Hoc|x86.Build.0 = Release|Any CPU
		{7FCB043F-2811-4F37-BBC3-F0C56FEFCD6A}.AppStore|Any CPU.ActiveCfg = Release|Any CPU
		{7FCB043F-2811-4F37-BBC3-F0C56FEFCD6A}.AppStore|Any CPU.Build.0 = Release|Any CPU
		{7FCB043F-2811-4F37-BBC3-F0C56FEFCD6A}.AppStore|ARM.ActiveCfg = Release|Any CPU
		{7FCB043F-2811-4F37-BBC3-F0C56FEFCD6A}.AppStore|ARM.Build.0 = Release|Any CPU
		{7FCB043F-2811-4F37-BBC3-F0C56FEFCD6A}.AppStore|iPhone.ActiveCfg = Release|Any CPU
		{7FCB043F-2811-4F37-BBC3-F0C56FEFCD6A}.AppStore|iPhone.Build.0 = Release|Any CPU
		{7FCB043F-2811-4F37-BBC3-F0C56FEFCD6A}.AppStore|iPhoneSimulator.ActiveCfg = Release|Any CPU
		{7FCB043F-2811-4F37-BBC3-F0C56FEFCD6A}.AppStore|iPhoneSimulator.Build.0 = Release|Any CPU
		{7FCB043F-2811-4F37-BBC3-F0C56FEFCD6A}.AppStore|x64.ActiveCfg = Release|Any CPU
		{7FCB043F-2811-4F37-BBC3-F0C56FEFCD6A}.AppStore|x64.Build.0 = Release|Any CPU
		{7FCB043F-2811-4F37-BBC3-F0C56FEFCD6A}.AppStore|x86.ActiveCfg = Release|Any CPU
		{7FCB043F-2811-4F37-BBC3-F0C56FEFCD6A}.AppStore|x86.Build.0 = Release|Any CPU
		{7FCB043F-2811-4F37-BBC3-F0C56FEFCD6A}.Debug|Any CPU.ActiveCfg = Debug|Any CPU
		{7FCB043F-2811-4F37-BBC3-F0C56FEFCD6A}.Debug|Any CPU.Build.0 = Debug|Any CPU
		{7FCB043F-2811-4F37-BBC3-F0C56FEFCD6A}.Debug|ARM.ActiveCfg = Debug|Any CPU
		{7FCB043F-2811-4F37-BBC3-F0C56FEFCD6A}.Debug|ARM.Build.0 = Debug|Any CPU
		{7FCB043F-2811-4F37-BBC3-F0C56FEFCD6A}.Debug|iPhone.ActiveCfg = Debug|Any CPU
		{7FCB043F-2811-4F37-BBC3-F0C56FEFCD6A}.Debug|iPhone.Build.0 = Debug|Any CPU
		{7FCB043F-2811-4F37-BBC3-F0C56FEFCD6A}.Debug|iPhoneSimulator.ActiveCfg = Debug|Any CPU
		{7FCB043F-2811-4F37-BBC3-F0C56FEFCD6A}.Debug|iPhoneSimulator.Build.0 = Debug|Any CPU
		{7FCB043F-2811-4F37-BBC3-F0C56FEFCD6A}.Debug|x64.ActiveCfg = Debug|Any CPU
		{7FCB043F-2811-4F37-BBC3-F0C56FEFCD6A}.Debug|x64.Build.0 = Debug|Any CPU
		{7FCB043F-2811-4F37-BBC3-F0C56FEFCD6A}.Debug|x86.ActiveCfg = Debug|Any CPU
		{7FCB043F-2811-4F37-BBC3-F0C56FEFCD6A}.Debug|x86.Build.0 = Debug|Any CPU
		{7FCB043F-2811-4F37-BBC3-F0C56FEFCD6A}.Release|Any CPU.ActiveCfg = Release|Any CPU
		{7FCB043F-2811-4F37-BBC3-F0C56FEFCD6A}.Release|Any CPU.Build.0 = Release|Any CPU
		{7FCB043F-2811-4F37-BBC3-F0C56FEFCD6A}.Release|ARM.ActiveCfg = Release|Any CPU
		{7FCB043F-2811-4F37-BBC3-F0C56FEFCD6A}.Release|ARM.Build.0 = Release|Any CPU
		{7FCB043F-2811-4F37-BBC3-F0C56FEFCD6A}.Release|iPhone.ActiveCfg = Release|Any CPU
		{7FCB043F-2811-4F37-BBC3-F0C56FEFCD6A}.Release|iPhone.Build.0 = Release|Any CPU
		{7FCB043F-2811-4F37-BBC3-F0C56FEFCD6A}.Release|iPhoneSimulator.ActiveCfg = Release|Any CPU
		{7FCB043F-2811-4F37-BBC3-F0C56FEFCD6A}.Release|iPhoneSimulator.Build.0 = Release|Any CPU
		{7FCB043F-2811-4F37-BBC3-F0C56FEFCD6A}.Release|x64.ActiveCfg = Release|Any CPU
		{7FCB043F-2811-4F37-BBC3-F0C56FEFCD6A}.Release|x64.Build.0 = Release|Any CPU
		{7FCB043F-2811-4F37-BBC3-F0C56FEFCD6A}.Release|x86.ActiveCfg = Release|Any CPU
		{7FCB043F-2811-4F37-BBC3-F0C56FEFCD6A}.Release|x86.Build.0 = Release|Any CPU
		{13370D99-7FA2-484E-B3A3-8D0CB275D173}.Ad-Hoc|Any CPU.ActiveCfg = Release|Any CPU
		{13370D99-7FA2-484E-B3A3-8D0CB275D173}.Ad-Hoc|Any CPU.Build.0 = Release|Any CPU
		{13370D99-7FA2-484E-B3A3-8D0CB275D173}.Ad-Hoc|ARM.ActiveCfg = Release|Any CPU
		{13370D99-7FA2-484E-B3A3-8D0CB275D173}.Ad-Hoc|ARM.Build.0 = Release|Any CPU
		{13370D99-7FA2-484E-B3A3-8D0CB275D173}.Ad-Hoc|iPhone.ActiveCfg = Release|Any CPU
		{13370D99-7FA2-484E-B3A3-8D0CB275D173}.Ad-Hoc|iPhone.Build.0 = Release|Any CPU
		{13370D99-7FA2-484E-B3A3-8D0CB275D173}.Ad-Hoc|iPhoneSimulator.ActiveCfg = Release|Any CPU
		{13370D99-7FA2-484E-B3A3-8D0CB275D173}.Ad-Hoc|iPhoneSimulator.Build.0 = Release|Any CPU
		{13370D99-7FA2-484E-B3A3-8D0CB275D173}.Ad-Hoc|x64.ActiveCfg = Release|Any CPU
		{13370D99-7FA2-484E-B3A3-8D0CB275D173}.Ad-Hoc|x64.Build.0 = Release|Any CPU
		{13370D99-7FA2-484E-B3A3-8D0CB275D173}.Ad-Hoc|x86.ActiveCfg = Release|Any CPU
		{13370D99-7FA2-484E-B3A3-8D0CB275D173}.Ad-Hoc|x86.Build.0 = Release|Any CPU
		{13370D99-7FA2-484E-B3A3-8D0CB275D173}.AppStore|Any CPU.ActiveCfg = Release|Any CPU
		{13370D99-7FA2-484E-B3A3-8D0CB275D173}.AppStore|Any CPU.Build.0 = Release|Any CPU
		{13370D99-7FA2-484E-B3A3-8D0CB275D173}.AppStore|ARM.ActiveCfg = Release|Any CPU
		{13370D99-7FA2-484E-B3A3-8D0CB275D173}.AppStore|ARM.Build.0 = Release|Any CPU
		{13370D99-7FA2-484E-B3A3-8D0CB275D173}.AppStore|iPhone.ActiveCfg = Release|Any CPU
		{13370D99-7FA2-484E-B3A3-8D0CB275D173}.AppStore|iPhone.Build.0 = Release|Any CPU
		{13370D99-7FA2-484E-B3A3-8D0CB275D173}.AppStore|iPhoneSimulator.ActiveCfg = Release|Any CPU
		{13370D99-7FA2-484E-B3A3-8D0CB275D173}.AppStore|iPhoneSimulator.Build.0 = Release|Any CPU
		{13370D99-7FA2-484E-B3A3-8D0CB275D173}.AppStore|x64.ActiveCfg = Release|Any CPU
		{13370D99-7FA2-484E-B3A3-8D0CB275D173}.AppStore|x64.Build.0 = Release|Any CPU
		{13370D99-7FA2-484E-B3A3-8D0CB275D173}.AppStore|x86.ActiveCfg = Release|Any CPU
		{13370D99-7FA2-484E-B3A3-8D0CB275D173}.AppStore|x86.Build.0 = Release|Any CPU
		{13370D99-7FA2-484E-B3A3-8D0CB275D173}.Debug|Any CPU.ActiveCfg = Debug|Any CPU
		{13370D99-7FA2-484E-B3A3-8D0CB275D173}.Debug|Any CPU.Build.0 = Debug|Any CPU
		{13370D99-7FA2-484E-B3A3-8D0CB275D173}.Debug|ARM.ActiveCfg = Debug|Any CPU
		{13370D99-7FA2-484E-B3A3-8D0CB275D173}.Debug|ARM.Build.0 = Debug|Any CPU
		{13370D99-7FA2-484E-B3A3-8D0CB275D173}.Debug|iPhone.ActiveCfg = Debug|Any CPU
		{13370D99-7FA2-484E-B3A3-8D0CB275D173}.Debug|iPhone.Build.0 = Debug|Any CPU
		{13370D99-7FA2-484E-B3A3-8D0CB275D173}.Debug|iPhoneSimulator.ActiveCfg = Debug|Any CPU
		{13370D99-7FA2-484E-B3A3-8D0CB275D173}.Debug|iPhoneSimulator.Build.0 = Debug|Any CPU
		{13370D99-7FA2-484E-B3A3-8D0CB275D173}.Debug|x64.ActiveCfg = Debug|Any CPU
		{13370D99-7FA2-484E-B3A3-8D0CB275D173}.Debug|x64.Build.0 = Debug|Any CPU
		{13370D99-7FA2-484E-B3A3-8D0CB275D173}.Debug|x86.ActiveCfg = Debug|Any CPU
		{13370D99-7FA2-484E-B3A3-8D0CB275D173}.Debug|x86.Build.0 = Debug|Any CPU
		{13370D99-7FA2-484E-B3A3-8D0CB275D173}.Release|Any CPU.ActiveCfg = Release|Any CPU
		{13370D99-7FA2-484E-B3A3-8D0CB275D173}.Release|Any CPU.Build.0 = Release|Any CPU
		{13370D99-7FA2-484E-B3A3-8D0CB275D173}.Release|ARM.ActiveCfg = Release|Any CPU
		{13370D99-7FA2-484E-B3A3-8D0CB275D173}.Release|ARM.Build.0 = Release|Any CPU
		{13370D99-7FA2-484E-B3A3-8D0CB275D173}.Release|iPhone.ActiveCfg = Release|Any CPU
		{13370D99-7FA2-484E-B3A3-8D0CB275D173}.Release|iPhone.Build.0 = Release|Any CPU
		{13370D99-7FA2-484E-B3A3-8D0CB275D173}.Release|iPhoneSimulator.ActiveCfg = Release|Any CPU
		{13370D99-7FA2-484E-B3A3-8D0CB275D173}.Release|iPhoneSimulator.Build.0 = Release|Any CPU
		{13370D99-7FA2-484E-B3A3-8D0CB275D173}.Release|x64.ActiveCfg = Release|Any CPU
		{13370D99-7FA2-484E-B3A3-8D0CB275D173}.Release|x64.Build.0 = Release|Any CPU
		{13370D99-7FA2-484E-B3A3-8D0CB275D173}.Release|x86.ActiveCfg = Release|Any CPU
		{13370D99-7FA2-484E-B3A3-8D0CB275D173}.Release|x86.Build.0 = Release|Any CPU
		{5D9D8860-BD1F-4E5F-A690-4D4F6F320C0F}.Ad-Hoc|Any CPU.ActiveCfg = Release|Any CPU
		{5D9D8860-BD1F-4E5F-A690-4D4F6F320C0F}.Ad-Hoc|Any CPU.Build.0 = Release|Any CPU
		{5D9D8860-BD1F-4E5F-A690-4D4F6F320C0F}.Ad-Hoc|ARM.ActiveCfg = Release|Any CPU
		{5D9D8860-BD1F-4E5F-A690-4D4F6F320C0F}.Ad-Hoc|ARM.Build.0 = Release|Any CPU
		{5D9D8860-BD1F-4E5F-A690-4D4F6F320C0F}.Ad-Hoc|iPhone.ActiveCfg = Release|Any CPU
		{5D9D8860-BD1F-4E5F-A690-4D4F6F320C0F}.Ad-Hoc|iPhone.Build.0 = Release|Any CPU
		{5D9D8860-BD1F-4E5F-A690-4D4F6F320C0F}.Ad-Hoc|iPhoneSimulator.ActiveCfg = Release|Any CPU
		{5D9D8860-BD1F-4E5F-A690-4D4F6F320C0F}.Ad-Hoc|iPhoneSimulator.Build.0 = Release|Any CPU
		{5D9D8860-BD1F-4E5F-A690-4D4F6F320C0F}.Ad-Hoc|x64.ActiveCfg = Release|Any CPU
		{5D9D8860-BD1F-4E5F-A690-4D4F6F320C0F}.Ad-Hoc|x64.Build.0 = Release|Any CPU
		{5D9D8860-BD1F-4E5F-A690-4D4F6F320C0F}.Ad-Hoc|x86.ActiveCfg = Release|Any CPU
		{5D9D8860-BD1F-4E5F-A690-4D4F6F320C0F}.Ad-Hoc|x86.Build.0 = Release|Any CPU
		{5D9D8860-BD1F-4E5F-A690-4D4F6F320C0F}.AppStore|Any CPU.ActiveCfg = Release|Any CPU
		{5D9D8860-BD1F-4E5F-A690-4D4F6F320C0F}.AppStore|Any CPU.Build.0 = Release|Any CPU
		{5D9D8860-BD1F-4E5F-A690-4D4F6F320C0F}.AppStore|ARM.ActiveCfg = Release|Any CPU
		{5D9D8860-BD1F-4E5F-A690-4D4F6F320C0F}.AppStore|ARM.Build.0 = Release|Any CPU
		{5D9D8860-BD1F-4E5F-A690-4D4F6F320C0F}.AppStore|iPhone.ActiveCfg = Release|Any CPU
		{5D9D8860-BD1F-4E5F-A690-4D4F6F320C0F}.AppStore|iPhone.Build.0 = Release|Any CPU
		{5D9D8860-BD1F-4E5F-A690-4D4F6F320C0F}.AppStore|iPhoneSimulator.ActiveCfg = Release|Any CPU
		{5D9D8860-BD1F-4E5F-A690-4D4F6F320C0F}.AppStore|iPhoneSimulator.Build.0 = Release|Any CPU
		{5D9D8860-BD1F-4E5F-A690-4D4F6F320C0F}.AppStore|x64.ActiveCfg = Release|Any CPU
		{5D9D8860-BD1F-4E5F-A690-4D4F6F320C0F}.AppStore|x64.Build.0 = Release|Any CPU
		{5D9D8860-BD1F-4E5F-A690-4D4F6F320C0F}.AppStore|x86.ActiveCfg = Release|Any CPU
		{5D9D8860-BD1F-4E5F-A690-4D4F6F320C0F}.AppStore|x86.Build.0 = Release|Any CPU
		{5D9D8860-BD1F-4E5F-A690-4D4F6F320C0F}.Debug|Any CPU.ActiveCfg = Debug|Any CPU
		{5D9D8860-BD1F-4E5F-A690-4D4F6F320C0F}.Debug|Any CPU.Build.0 = Debug|Any CPU
		{5D9D8860-BD1F-4E5F-A690-4D4F6F320C0F}.Debug|Any CPU.Deploy.0 = Debug|Any CPU
		{5D9D8860-BD1F-4E5F-A690-4D4F6F320C0F}.Debug|ARM.ActiveCfg = Debug|Any CPU
		{5D9D8860-BD1F-4E5F-A690-4D4F6F320C0F}.Debug|ARM.Build.0 = Debug|Any CPU
		{5D9D8860-BD1F-4E5F-A690-4D4F6F320C0F}.Debug|iPhone.ActiveCfg = Debug|Any CPU
		{5D9D8860-BD1F-4E5F-A690-4D4F6F320C0F}.Debug|iPhone.Build.0 = Debug|Any CPU
		{5D9D8860-BD1F-4E5F-A690-4D4F6F320C0F}.Debug|iPhoneSimulator.ActiveCfg = Debug|Any CPU
		{5D9D8860-BD1F-4E5F-A690-4D4F6F320C0F}.Debug|iPhoneSimulator.Build.0 = Debug|Any CPU
		{5D9D8860-BD1F-4E5F-A690-4D4F6F320C0F}.Debug|x64.ActiveCfg = Debug|Any CPU
		{5D9D8860-BD1F-4E5F-A690-4D4F6F320C0F}.Debug|x64.Build.0 = Debug|Any CPU
		{5D9D8860-BD1F-4E5F-A690-4D4F6F320C0F}.Debug|x86.ActiveCfg = Debug|Any CPU
		{5D9D8860-BD1F-4E5F-A690-4D4F6F320C0F}.Debug|x86.Build.0 = Debug|Any CPU
		{5D9D8860-BD1F-4E5F-A690-4D4F6F320C0F}.Release|Any CPU.ActiveCfg = Release|Any CPU
		{5D9D8860-BD1F-4E5F-A690-4D4F6F320C0F}.Release|Any CPU.Build.0 = Release|Any CPU
		{5D9D8860-BD1F-4E5F-A690-4D4F6F320C0F}.Release|Any CPU.Deploy.0 = Release|Any CPU
		{5D9D8860-BD1F-4E5F-A690-4D4F6F320C0F}.Release|ARM.ActiveCfg = Release|Any CPU
		{5D9D8860-BD1F-4E5F-A690-4D4F6F320C0F}.Release|ARM.Build.0 = Release|Any CPU
		{5D9D8860-BD1F-4E5F-A690-4D4F6F320C0F}.Release|iPhone.ActiveCfg = Release|Any CPU
		{5D9D8860-BD1F-4E5F-A690-4D4F6F320C0F}.Release|iPhone.Build.0 = Release|Any CPU
		{5D9D8860-BD1F-4E5F-A690-4D4F6F320C0F}.Release|iPhoneSimulator.ActiveCfg = Release|Any CPU
		{5D9D8860-BD1F-4E5F-A690-4D4F6F320C0F}.Release|iPhoneSimulator.Build.0 = Release|Any CPU
		{5D9D8860-BD1F-4E5F-A690-4D4F6F320C0F}.Release|x64.ActiveCfg = Release|Any CPU
		{5D9D8860-BD1F-4E5F-A690-4D4F6F320C0F}.Release|x64.Build.0 = Release|Any CPU
		{5D9D8860-BD1F-4E5F-A690-4D4F6F320C0F}.Release|x86.ActiveCfg = Release|Any CPU
		{5D9D8860-BD1F-4E5F-A690-4D4F6F320C0F}.Release|x86.Build.0 = Release|Any CPU
		{3D3D2EAF-B7CF-4F68-A9EC-CE382D18B992}.Ad-Hoc|Any CPU.ActiveCfg = Release|Any CPU
		{3D3D2EAF-B7CF-4F68-A9EC-CE382D18B992}.Ad-Hoc|Any CPU.Build.0 = Release|Any CPU
		{3D3D2EAF-B7CF-4F68-A9EC-CE382D18B992}.Ad-Hoc|ARM.ActiveCfg = Release|Any CPU
		{3D3D2EAF-B7CF-4F68-A9EC-CE382D18B992}.Ad-Hoc|ARM.Build.0 = Release|Any CPU
		{3D3D2EAF-B7CF-4F68-A9EC-CE382D18B992}.Ad-Hoc|iPhone.ActiveCfg = Release|Any CPU
		{3D3D2EAF-B7CF-4F68-A9EC-CE382D18B992}.Ad-Hoc|iPhone.Build.0 = Release|Any CPU
		{3D3D2EAF-B7CF-4F68-A9EC-CE382D18B992}.Ad-Hoc|iPhoneSimulator.ActiveCfg = Release|Any CPU
		{3D3D2EAF-B7CF-4F68-A9EC-CE382D18B992}.Ad-Hoc|iPhoneSimulator.Build.0 = Release|Any CPU
		{3D3D2EAF-B7CF-4F68-A9EC-CE382D18B992}.Ad-Hoc|x64.ActiveCfg = Release|Any CPU
		{3D3D2EAF-B7CF-4F68-A9EC-CE382D18B992}.Ad-Hoc|x64.Build.0 = Release|Any CPU
		{3D3D2EAF-B7CF-4F68-A9EC-CE382D18B992}.Ad-Hoc|x86.ActiveCfg = Release|Any CPU
		{3D3D2EAF-B7CF-4F68-A9EC-CE382D18B992}.Ad-Hoc|x86.Build.0 = Release|Any CPU
		{3D3D2EAF-B7CF-4F68-A9EC-CE382D18B992}.AppStore|Any CPU.ActiveCfg = Release|Any CPU
		{3D3D2EAF-B7CF-4F68-A9EC-CE382D18B992}.AppStore|Any CPU.Build.0 = Release|Any CPU
		{3D3D2EAF-B7CF-4F68-A9EC-CE382D18B992}.AppStore|ARM.ActiveCfg = Release|Any CPU
		{3D3D2EAF-B7CF-4F68-A9EC-CE382D18B992}.AppStore|ARM.Build.0 = Release|Any CPU
		{3D3D2EAF-B7CF-4F68-A9EC-CE382D18B992}.AppStore|iPhone.ActiveCfg = Release|Any CPU
		{3D3D2EAF-B7CF-4F68-A9EC-CE382D18B992}.AppStore|iPhone.Build.0 = Release|Any CPU
		{3D3D2EAF-B7CF-4F68-A9EC-CE382D18B992}.AppStore|iPhoneSimulator.ActiveCfg = Release|Any CPU
		{3D3D2EAF-B7CF-4F68-A9EC-CE382D18B992}.AppStore|iPhoneSimulator.Build.0 = Release|Any CPU
		{3D3D2EAF-B7CF-4F68-A9EC-CE382D18B992}.AppStore|x64.ActiveCfg = Release|Any CPU
		{3D3D2EAF-B7CF-4F68-A9EC-CE382D18B992}.AppStore|x64.Build.0 = Release|Any CPU
		{3D3D2EAF-B7CF-4F68-A9EC-CE382D18B992}.AppStore|x86.ActiveCfg = Release|Any CPU
		{3D3D2EAF-B7CF-4F68-A9EC-CE382D18B992}.AppStore|x86.Build.0 = Release|Any CPU
		{3D3D2EAF-B7CF-4F68-A9EC-CE382D18B992}.Debug|Any CPU.ActiveCfg = Debug|Any CPU
		{3D3D2EAF-B7CF-4F68-A9EC-CE382D18B992}.Debug|Any CPU.Build.0 = Debug|Any CPU
		{3D3D2EAF-B7CF-4F68-A9EC-CE382D18B992}.Debug|ARM.ActiveCfg = Debug|Any CPU
		{3D3D2EAF-B7CF-4F68-A9EC-CE382D18B992}.Debug|ARM.Build.0 = Debug|Any CPU
		{3D3D2EAF-B7CF-4F68-A9EC-CE382D18B992}.Debug|iPhone.ActiveCfg = Debug|Any CPU
		{3D3D2EAF-B7CF-4F68-A9EC-CE382D18B992}.Debug|iPhone.Build.0 = Debug|Any CPU
		{3D3D2EAF-B7CF-4F68-A9EC-CE382D18B992}.Debug|iPhoneSimulator.ActiveCfg = Debug|Any CPU
		{3D3D2EAF-B7CF-4F68-A9EC-CE382D18B992}.Debug|iPhoneSimulator.Build.0 = Debug|Any CPU
		{3D3D2EAF-B7CF-4F68-A9EC-CE382D18B992}.Debug|x64.ActiveCfg = Debug|Any CPU
		{3D3D2EAF-B7CF-4F68-A9EC-CE382D18B992}.Debug|x64.Build.0 = Debug|Any CPU
		{3D3D2EAF-B7CF-4F68-A9EC-CE382D18B992}.Debug|x86.ActiveCfg = Debug|Any CPU
		{3D3D2EAF-B7CF-4F68-A9EC-CE382D18B992}.Debug|x86.Build.0 = Debug|Any CPU
		{3D3D2EAF-B7CF-4F68-A9EC-CE382D18B992}.Release|Any CPU.ActiveCfg = Release|Any CPU
		{3D3D2EAF-B7CF-4F68-A9EC-CE382D18B992}.Release|Any CPU.Build.0 = Release|Any CPU
		{3D3D2EAF-B7CF-4F68-A9EC-CE382D18B992}.Release|ARM.ActiveCfg = Release|Any CPU
		{3D3D2EAF-B7CF-4F68-A9EC-CE382D18B992}.Release|ARM.Build.0 = Release|Any CPU
		{3D3D2EAF-B7CF-4F68-A9EC-CE382D18B992}.Release|iPhone.ActiveCfg = Release|Any CPU
		{3D3D2EAF-B7CF-4F68-A9EC-CE382D18B992}.Release|iPhone.Build.0 = Release|Any CPU
		{3D3D2EAF-B7CF-4F68-A9EC-CE382D18B992}.Release|iPhoneSimulator.ActiveCfg = Release|Any CPU
		{3D3D2EAF-B7CF-4F68-A9EC-CE382D18B992}.Release|iPhoneSimulator.Build.0 = Release|Any CPU
		{3D3D2EAF-B7CF-4F68-A9EC-CE382D18B992}.Release|x64.ActiveCfg = Release|Any CPU
		{3D3D2EAF-B7CF-4F68-A9EC-CE382D18B992}.Release|x64.Build.0 = Release|Any CPU
		{3D3D2EAF-B7CF-4F68-A9EC-CE382D18B992}.Release|x86.ActiveCfg = Release|Any CPU
		{3D3D2EAF-B7CF-4F68-A9EC-CE382D18B992}.Release|x86.Build.0 = Release|Any CPU
	EndGlobalSection
	GlobalSection(SolutionProperties) = preSolution
		HideSolutionNode = FALSE
	EndGlobalSection
	GlobalSection(ExtensibilityGlobals) = postSolution
		SolutionGuid = {F6D05029-56B8-4E45-AF2D-0E76295DDBA2}
	EndGlobalSection
EndGlobal
